
Microsoft Visual Studio Solution File, Format Version 12.00
# Visual Studio Version 16
VisualStudioVersion = 16.0.29806.167
MinimumVisualStudioVersion = 10.0.40219.1
Project("{9A19103F-16F7-4668-BE54-9A1E7A4F7556}") = "Echo.Server", "Echo.Server\Echo.Server.csproj", "{E31A3794-2525-4C52-844A-EB8BB29C493B}"
EndProject
Project("{9A19103F-16F7-4668-BE54-9A1E7A4F7556}") = "Echo.Client", "Echo.Client\Echo.Client.csproj", "{4580E874-E69E-4C47-B3D1-6022957B49E3}"
EndProject
Project("{9A19103F-16F7-4668-BE54-9A1E7A4F7556}") = "Echo.Network", "Echo.Network\Echo.Network.csproj", "{0C25166D-58F2-427C-BB98-93E56501E2A2}"
EndProject
Project("{FAE04EC0-301F-11D3-BF4B-00C04F79EFBC}") = "Echo.Client.Wpf", "Echo.Client.Wpf\Echo.Client.Wpf.csproj", "{6F294097-4AAD-45FC-8085-EDDE65FDBD51}"
EndProject
Project("{FAE04EC0-301F-11D3-BF4B-00C04F79EFBC}") = "Echo.Common", "Echo.Common\Echo.Common.csproj", "{61441690-F14C-4062-9102-CF5AEFF91DE3}"
EndProject
Global
	GlobalSection(SolutionConfigurationPlatforms) = preSolution
		Debug|Any CPU = Debug|Any CPU
		Release|Any CPU = Release|Any CPU
	EndGlobalSection
	GlobalSection(ProjectConfigurationPlatforms) = postSolution
		{E31A3794-2525-4C52-844A-EB8BB29C493B}.Debug|Any CPU.ActiveCfg = Debug|Any CPU
		{E31A3794-2525-4C52-844A-EB8BB29C493B}.Debug|Any CPU.Build.0 = Debug|Any CPU
		{E31A3794-2525-4C52-844A-EB8BB29C493B}.Release|Any CPU.ActiveCfg = Release|Any CPU
		{E31A3794-2525-4C52-844A-EB8BB29C493B}.Release|Any CPU.Build.0 = Release|Any CPU
		{4580E874-E69E-4C47-B3D1-6022957B49E3}.Debug|Any CPU.ActiveCfg = Debug|Any CPU
		{4580E874-E69E-4C47-B3D1-6022957B49E3}.Debug|Any CPU.Build.0 = Debug|Any CPU
		{4580E874-E69E-4C47-B3D1-6022957B49E3}.Release|Any CPU.ActiveCfg = Release|Any CPU
		{4580E874-E69E-4C47-B3D1-6022957B49E3}.Release|Any CPU.Build.0 = Release|Any CPU
		{0C25166D-58F2-427C-BB98-93E56501E2A2}.Debug|Any CPU.ActiveCfg = Debug|Any CPU
		{0C25166D-58F2-427C-BB98-93E56501E2A2}.Debug|Any CPU.Build.0 = Debug|Any CPU
		{0C25166D-58F2-427C-BB98-93E56501E2A2}.Release|Any CPU.ActiveCfg = Release|Any CPU
		{0C25166D-58F2-427C-BB98-93E56501E2A2}.Release|Any CPU.Build.0 = Release|Any CPU
		{6F294097-4AAD-45FC-8085-EDDE65FDBD51}.Debug|Any CPU.ActiveCfg = Debug|Any CPU
		{6F294097-4AAD-45FC-8085-EDDE65FDBD51}.Debug|Any CPU.Build.0 = Debug|Any CPU
		{6F294097-4AAD-45FC-8085-EDDE65FDBD51}.Release|Any CPU.ActiveCfg = Release|Any CPU
		{6F294097-4AAD-45FC-8085-EDDE65FDBD51}.Release|Any CPU.Build.0 = Release|Any CPU
		{61441690-F14C-4062-9102-CF5AEFF91DE3}.Debug|Any CPU.ActiveCfg = Debug|Any CPU
		{61441690-F14C-4062-9102-CF5AEFF91DE3}.Debug|Any CPU.Build.0 = Debug|Any CPU
		{61441690-F14C-4062-9102-CF5AEFF91DE3}.Release|Any CPU.ActiveCfg = Release|Any CPU
		{61441690-F14C-4062-9102-CF5AEFF91DE3}.Release|Any CPU.Build.0 = Release|Any CPU
	EndGlobalSection
	GlobalSection(SolutionProperties) = preSolution
		HideSolutionNode = FALSE
	EndGlobalSection
	GlobalSection(ExtensibilityGlobals) = postSolution
		SolutionGuid = {431032FE-E07F-46CE-BD0C-19C692E049CB}
	EndGlobalSection
EndGlobal
